
Microsoft Visual Studio Solution File, Format Version 12.00
# Visual Studio Version 16
VisualStudioVersion = 16.0.30413.136
MinimumVisualStudioVersion = 10.0.40219.1
Project("{FAE04EC0-301F-11D3-BF4B-00C04F79EFBC}") = "IngatlanApp", "IngatlanApp\IngatlanApp.csproj", "{67B183DB-1BD4-402B-8073-9D3EC0F93294}"
EndProject
Global
	GlobalSection(SolutionConfigurationPlatforms) = preSolution
		Debug|Any CPU = Debug|Any CPU
		Release|Any CPU = Release|Any CPU
	EndGlobalSection
	GlobalSection(ProjectConfigurationPlatforms) = postSolution
		{67B183DB-1BD4-402B-8073-9D3EC0F93294}.Debug|Any CPU.ActiveCfg = Debug|Any CPU
		{67B183DB-1BD4-402B-8073-9D3EC0F93294}.Debug|Any CPU.Build.0 = Debug|Any CPU
		{67B183DB-1BD4-402B-8073-9D3EC0F93294}.Release|Any CPU.ActiveCfg = Release|Any CPU
		{67B183DB-1BD4-402B-8073-9D3EC0F93294}.Release|Any CPU.Build.0 = Release|Any CPU
	EndGlobalSection
	GlobalSection(SolutionProperties) = preSolution
		HideSolutionNode = FALSE
	EndGlobalSection
	GlobalSection(ExtensibilityGlobals) = postSolution
		SolutionGuid = {158BDE0E-51F5-4E64-A554-5D4A8BE08B94}
	EndGlobalSection
EndGlobal
